// !$*UTF8*$!
{
	archiveVersion = 1;
	classes = {
	};
	objectVersion = 50;
	objects = {

/* Begin PBXBuildFile section */
		161119FB2294FFCD00D91767 /* AppDelegate.swift in Sources */ = {isa = PBXBuildFile; fileRef = 161119FA2294FFCD00D91767 /* AppDelegate.swift */; };
		161119FD2294FFCD00D91767 /* RootViewController.swift in Sources */ = {isa = PBXBuildFile; fileRef = 161119FC2294FFCD00D91767 /* RootViewController.swift */; };
		161119FF2294FFCD00D91767 /* DataViewController.swift in Sources */ = {isa = PBXBuildFile; fileRef = 161119FE2294FFCD00D91767 /* DataViewController.swift */; };
		16111A012294FFCD00D91767 /* ModelController.swift in Sources */ = {isa = PBXBuildFile; fileRef = 16111A002294FFCD00D91767 /* ModelController.swift */; };
		16111A042294FFCD00D91767 /* Main.storyboard in Resources */ = {isa = PBXBuildFile; fileRef = 16111A022294FFCD00D91767 /* Main.storyboard */; };
		16111A062294FFCE00D91767 /* Assets.xcassets in Resources */ = {isa = PBXBuildFile; fileRef = 16111A052294FFCE00D91767 /* Assets.xcassets */; };
		16111A092294FFCE00D91767 /* LaunchScreen.storyboard in Resources */ = {isa = PBXBuildFile; fileRef = 16111A072294FFCE00D91767 /* LaunchScreen.storyboard */; };
/* End PBXBuildFile section */

/* Begin PBXFileReference section */
		161119F72294FFCD00D91767 /* Are-you-happy?.app */ = {isa = PBXFileReference; explicitFileType = wrapper.application; includeInIndex = 0; path = "Are-you-happy?.app"; sourceTree = BUILT_PRODUCTS_DIR; };
		161119FA2294FFCD00D91767 /* AppDelegate.swift */ = {isa = PBXFileReference; lastKnownFileType = sourcecode.swift; path = AppDelegate.swift; sourceTree = "<group>"; };
		161119FC2294FFCD00D91767 /* RootViewController.swift */ = {isa = PBXFileReference; lastKnownFileType = sourcecode.swift; path = RootViewController.swift; sourceTree = "<group>"; };
		161119FE2294FFCD00D91767 /* DataViewController.swift */ = {isa = PBXFileReference; lastKnownFileType = sourcecode.swift; path = DataViewController.swift; sourceTree = "<group>"; };
		16111A002294FFCD00D91767 /* ModelController.swift */ = {isa = PBXFileReference; lastKnownFileType = sourcecode.swift; path = ModelController.swift; sourceTree = "<group>"; };
		16111A032294FFCD00D91767 /* Base */ = {isa = PBXFileReference; lastKnownFileType = file.storyboard; name = Base; path = Base.lproj/Main.storyboard; sourceTree = "<group>"; };
		16111A052294FFCE00D91767 /* Assets.xcassets */ = {isa = PBXFileReference; lastKnownFileType = folder.assetcatalog; path = Assets.xcassets; sourceTree = "<group>"; };
		16111A082294FFCE00D91767 /* Base */ = {isa = PBXFileReference; lastKnownFileType = file.storyboard; name = Base; path = Base.lproj/LaunchScreen.storyboard; sourceTree = "<group>"; };
		16111A0A2294FFCE00D91767 /* Info.plist */ = {isa = PBXFileReference; lastKnownFileType = text.plist.xml; path = Info.plist; sourceTree = "<group>"; };
/* End PBXFileReference section */

/* Begin PBXFrameworksBuildPhase section */
		161119F42294FFCD00D91767 /* Frameworks */ = {
			isa = PBXFrameworksBuildPhase;
			buildActionMask = 2147483647;
			files = (
			);
			runOnlyForDeploymentPostprocessing = 0;
		};
/* End PBXFrameworksBuildPhase section */

/* Begin PBXGroup section */
		161119EE2294FFCD00D91767 = {
			isa = PBXGroup;
			children = (
				161119F92294FFCD00D91767 /* Are-you-happy? */,
				161119F82294FFCD00D91767 /* Products */,
			);
			sourceTree = "<group>";
		};
		161119F82294FFCD00D91767 /* Products */ = {
			isa = PBXGroup;
			children = (
				161119F72294FFCD00D91767 /* Are-you-happy?.app */,
			);
			name = Products;
			sourceTree = "<group>";
		};
		161119F92294FFCD00D91767 /* Are-you-happy? */ = {
			isa = PBXGroup;
			children = (
				161119FA2294FFCD00D91767 /* AppDelegate.swift */,
				161119FC2294FFCD00D91767 /* RootViewController.swift */,
				161119FE2294FFCD00D91767 /* DataViewController.swift */,
				16111A002294FFCD00D91767 /* ModelController.swift */,
				16111A022294FFCD00D91767 /* Main.storyboard */,
				16111A052294FFCE00D91767 /* Assets.xcassets */,
				16111A072294FFCE00D91767 /* LaunchScreen.storyboard */,
				16111A0A2294FFCE00D91767 /* Info.plist */,
			);
			path = "Are-you-happy?";
			sourceTree = "<group>";
		};
/* End PBXGroup section */

/* Begin PBXNativeTarget section */
		161119F62294FFCD00D91767 /* Are-you-happy? */ = {
			isa = PBXNativeTarget;
			buildConfigurationList = 16111A0D2294FFCE00D91767 /* Build configuration list for PBXNativeTarget "Are-you-happy?" */;
			buildPhases = (
				161119F32294FFCD00D91767 /* Sources */,
				161119F42294FFCD00D91767 /* Frameworks */,
				161119F52294FFCD00D91767 /* Resources */,
			);
			buildRules = (
			);
			dependencies = (
			);
			name = "Are-you-happy?";
			productName = "Are-you-happy?";
			productReference = 161119F72294FFCD00D91767 /* Are-you-happy?.app */;
			productType = "com.apple.product-type.application";
		};
/* End PBXNativeTarget section */

/* Begin PBXProject section */
		161119EF2294FFCD00D91767 /* Project object */ = {
			isa = PBXProject;
			attributes = {
				LastSwiftUpdateCheck = 1010;
				LastUpgradeCheck = 1010;
				ORGANIZATIONNAME = "Group-182";
				TargetAttributes = {
					161119F62294FFCD00D91767 = {
						CreatedOnToolsVersion = 10.1;
					};
				};
			};
			buildConfigurationList = 161119F22294FFCD00D91767 /* Build configuration list for PBXProject "Are-you-happy?" */;
			compatibilityVersion = "Xcode 9.3";
			developmentRegion = en;
			hasScannedForEncodings = 0;
			knownRegions = (
				en,
				Base,
			);
			mainGroup = 161119EE2294FFCD00D91767;
			productRefGroup = 161119F82294FFCD00D91767 /* Products */;
			projectDirPath = "";
			projectRoot = "";
			targets = (
				161119F62294FFCD00D91767 /* Are-you-happy? */,
			);
		};
/* End PBXProject section */

/* Begin PBXResourcesBuildPhase section */
		161119F52294FFCD00D91767 /* Resources */ = {
			isa = PBXResourcesBuildPhase;
			buildActionMask = 2147483647;
			files = (
				16111A092294FFCE00D91767 /* LaunchScreen.storyboard in Resources */,
				16111A062294FFCE00D91767 /* Assets.xcassets in Resources */,
				16111A042294FFCD00D91767 /* Main.storyboard in Resources */,
			);
			runOnlyForDeploymentPostprocessing = 0;
		};
/* End PBXResourcesBuildPhase section */

/* Begin PBXSourcesBuildPhase section */
		161119F32294FFCD00D91767 /* Sources */ = {
			isa = PBXSourcesBuildPhase;
			buildActionMask = 2147483647;
			files = (
				161119FD2294FFCD00D91767 /* RootViewController.swift in Sources */,
				16111A012294FFCD00D91767 /* ModelController.swift in Sources */,
				161119FF2294FFCD00D91767 /* DataViewController.swift in Sources */,
				161119FB2294FFCD00D91767 /* AppDelegate.swift in Sources */,
			);
			runOnlyForDeploymentPostprocessing = 0;
		};
/* End PBXSourcesBuildPhase section */

/* Begin PBXVariantGroup section */
		16111A022294FFCD00D91767 /* Main.storyboard */ = {
			isa = PBXVariantGroup;
			children = (
				16111A032294FFCD00D91767 /* Base */,
			);
			name = Main.storyboard;
			sourceTree = "<group>";
		};
		16111A072294FFCE00D91767 /* LaunchScreen.storyboard */ = {
			isa = PBXVariantGroup;
			children = (
				16111A082294FFCE00D91767 /* Base */,
			);
			name = LaunchScreen.storyboard;
			sourceTree = "<group>";
		};
/* End PBXVariantGroup section */

/* Begin XCBuildConfiguration section */
		16111A0B2294FFCE00D91767 /* Debug */ = {
			isa = XCBuildConfiguration;
			buildSettings = {
				ALWAYS_SEARCH_USER_PATHS = NO;
				CLANG_ANALYZER_NONNULL = YES;
				CLANG_ANALYZER_NUMBER_OBJECT_CONVERSION = YES_AGGRESSIVE;
				CLANG_CXX_LANGUAGE_STANDARD = "gnu++14";
				CLANG_CXX_LIBRARY = "libc++";
				CLANG_ENABLE_MODULES = YES;
				CLANG_ENABLE_OBJC_ARC = YES;
				CLANG_ENABLE_OBJC_WEAK = YES;
				CLANG_WARN_BLOCK_CAPTURE_AUTORELEASING = YES;
				CLANG_WARN_BOOL_CONVERSION = YES;
				CLANG_WARN_COMMA = YES;
				CLANG_WARN_CONSTANT_CONVERSION = YES;
				CLANG_WARN_DEPRECATED_OBJC_IMPLEMENTATIONS = YES;
				CLANG_WARN_DIRECT_OBJC_ISA_USAGE = YES_ERROR;
				CLANG_WARN_DOCUMENTATION_COMMENTS = YES;
				CLANG_WARN_EMPTY_BODY = YES;
				CLANG_WARN_ENUM_CONVERSION = YES;
				CLANG_WARN_INFINITE_RECURSION = YES;
				CLANG_WARN_INT_CONVERSION = YES;
				CLANG_WARN_NON_LITERAL_NULL_CONVERSION = YES;
				CLANG_WARN_OBJC_IMPLICIT_RETAIN_SELF = YES;
				CLANG_WARN_OBJC_LITERAL_CONVERSION = YES;
				CLANG_WARN_OBJC_ROOT_CLASS = YES_ERROR;
				CLANG_WARN_RANGE_LOOP_ANALYSIS = YES;
				CLANG_WARN_STRICT_PROTOTYPES = YES;
				CLANG_WARN_SUSPICIOUS_MOVE = YES;
				CLANG_WARN_UNGUARDED_AVAILABILITY = YES_AGGRESSIVE;
				CLANG_WARN_UNREACHABLE_CODE = YES;
				CLANG_WARN__DUPLICATE_METHOD_MATCH = YES;
				CODE_SIGN_IDENTITY = "iPhone Developer";
				COPY_PHASE_STRIP = NO;
				DEBUG_INFORMATION_FORMAT = dwarf;
				ENABLE_STRICT_OBJC_MSGSEND = YES;
				ENABLE_TESTABILITY = YES;
				GCC_C_LANGUAGE_STANDARD = gnu11;
				GCC_DYNAMIC_NO_PIC = NO;
				GCC_NO_COMMON_BLOCKS = YES;
				GCC_OPTIMIZATION_LEVEL = 0;
				GCC_PREPROCESSOR_DEFINITIONS = (
					"DEBUG=1",
					"$(inherited)",
				);
				GCC_WARN_64_TO_32_BIT_CONVERSION = YES;
				GCC_WARN_ABOUT_RETURN_TYPE = YES_ERROR;
				GCC_WARN_UNDECLARED_SELECTOR = YES;
				GCC_WARN_UNINITIALIZED_AUTOS = YES_AGGRESSIVE;
				GCC_WARN_UNUSED_FUNCTION = YES;
				GCC_WARN_UNUSED_VARIABLE = YES;
				IPHONEOS_DEPLOYMENT_TARGET = 12.1;
				MTL_ENABLE_DEBUG_INFO = INCLUDE_SOURCE;
				MTL_FAST_MATH = YES;
				ONLY_ACTIVE_ARCH = YES;
				SDKROOT = iphoneos;
				SWIFT_ACTIVE_COMPILATION_CONDITIONS = DEBUG;
				SWIFT_OPTIMIZATION_LEVEL = "-Onone";
			};
			name = Debug;
		};
		16111A0C2294FFCE00D91767 /* Release */ = {
			isa = XCBuildConfiguration;
			buildSettings = {
				ALWAYS_SEARCH_USER_PATHS = NO;
				CLANG_ANALYZER_NONNULL = YES;
				CLANG_ANALYZER_NUMBER_OBJECT_CONVERSION = YES_AGGRESSIVE;
				CLANG_CXX_LANGUAGE_STANDARD = "gnu++14";
				CLANG_CXX_LIBRARY = "libc++";
				CLANG_ENABLE_MODULES = YES;
				CLANG_ENABLE_OBJC_ARC = YES;
				CLANG_ENABLE_OBJC_WEAK = YES;
				CLANG_WARN_BLOCK_CAPTURE_AUTORELEASING = YES;
				CLANG_WARN_BOOL_CONVERSION = YES;
				CLANG_WARN_COMMA = YES;
				CLANG_WARN_CONSTANT_CONVERSION = YES;
				CLANG_WARN_DEPRECATED_OBJC_IMPLEMENTATIONS = YES;
				CLANG_WARN_DIRECT_OBJC_ISA_USAGE = YES_ERROR;
				CLANG_WARN_DOCUMENTATION_COMMENTS = YES;
				CLANG_WARN_EMPTY_BODY = YES;
				CLANG_WARN_ENUM_CONVERSION = YES;
				CLANG_WARN_INFINITE_RECURSION = YES;
				CLANG_WARN_INT_CONVERSION = YES;
				CLANG_WARN_NON_LITERAL_NULL_CONVERSION = YES;
				CLANG_WARN_OBJC_IMPLICIT_RETAIN_SELF = YES;
				CLANG_WARN_OBJC_LITERAL_CONVERSION = YES;
				CLANG_WARN_OBJC_ROOT_CLASS = YES_ERROR;
				CLANG_WARN_RANGE_LOOP_ANALYSIS = YES;
				CLANG_WARN_STRICT_PROTOTYPES = YES;
				CLANG_WARN_SUSPICIOUS_MOVE = YES;
				CLANG_WARN_UNGUARDED_AVAILABILITY = YES_AGGRESSIVE;
				CLANG_WARN_UNREACHABLE_CODE = YES;
				CLANG_WARN__DUPLICATE_METHOD_MATCH = YES;
				CODE_SIGN_IDENTITY = "iPhone Developer";
				COPY_PHASE_STRIP = NO;
				DEBUG_INFORMATION_FORMAT = "dwarf-with-dsym";
				ENABLE_NS_ASSERTIONS = NO;
				ENABLE_STRICT_OBJC_MSGSEND = YES;
				GCC_C_LANGUAGE_STANDARD = gnu11;
				GCC_NO_COMMON_BLOCKS = YES;
				GCC_WARN_64_TO_32_BIT_CONVERSION = YES;
				GCC_WARN_ABOUT_RETURN_TYPE = YES_ERROR;
				GCC_WARN_UNDECLARED_SELECTOR = YES;
				GCC_WARN_UNINITIALIZED_AUTOS = YES_AGGRESSIVE;
				GCC_WARN_UNUSED_FUNCTION = YES;
				GCC_WARN_UNUSED_VARIABLE = YES;
				IPHONEOS_DEPLOYMENT_TARGET = 12.1;
				MTL_ENABLE_DEBUG_INFO = NO;
				MTL_FAST_MATH = YES;
				SDKROOT = iphoneos;
				SWIFT_COMPILATION_MODE = wholemodule;
				SWIFT_OPTIMIZATION_LEVEL = "-O";
				VALIDATE_PRODUCT = YES;
			};
			name = Release;
		};
		16111A0E2294FFCE00D91767 /* Debug */ = {
			isa = XCBuildConfiguration;
			buildSettings = {
				ASSETCATALOG_COMPILER_APPICON_NAME = AppIcon;
				CODE_SIGN_STYLE = Automatic;
				INFOPLIST_FILE = "Are-you-happy?/Info.plist";
				LD_RUNPATH_SEARCH_PATHS = (
					"$(inherited)",
					"@executable_path/Frameworks",
				);
				PRODUCT_BUNDLE_IDENTIFIER = "uts.group182.Are-you-happy-";
				PRODUCT_NAME = "$(TARGET_NAME)";
				SWIFT_VERSION = 4.2;
				TARGETED_DEVICE_FAMILY = "1,2";
			};
			name = Debug;
		};
		16111A0F2294FFCE00D91767 /* Release */ = {
			isa = XCBuildConfiguration;
			buildSettings = {
				ASSETCATALOG_COMPILER_APPICON_NAME = AppIcon;
				CODE_SIGN_STYLE = Automatic;
				INFOPLIST_FILE = "Are-you-happy?/Info.plist";
				LD_RUNPATH_SEARCH_PATHS = (
					"$(inherited)",
					"@executable_path/Frameworks",
				);
				PRODUCT_BUNDLE_IDENTIFIER = "uts.group182.Are-you-happy-";
				PRODUCT_NAME = "$(TARGET_NAME)";
				SWIFT_VERSION = 4.2;
				TARGETED_DEVICE_FAMILY = "1,2";
			};
			name = Release;
		};
/* End XCBuildConfiguration section */

/* Begin XCConfigurationList section */
		161119F22294FFCD00D91767 /* Build configuration list for PBXProject "Are-you-happy?" */ = {
			isa = XCConfigurationList;
			buildConfigurations = (
				16111A0B2294FFCE00D91767 /* Debug */,
				16111A0C2294FFCE00D91767 /* Release */,
			);
			defaultConfigurationIsVisible = 0;
			defaultConfigurationName = Release;
		};
		16111A0D2294FFCE00D91767 /* Build configuration list for PBXNativeTarget "Are-you-happy?" */ = {
			isa = XCConfigurationList;
			buildConfigurations = (
				16111A0E2294FFCE00D91767 /* Debug */,
				16111A0F2294FFCE00D91767 /* Release */,
			);
			defaultConfigurationIsVisible = 0;
			defaultConfigurationName = Release;
		};
/* End XCConfigurationList section */
	};
	rootObject = 161119EF2294FFCD00D91767 /* Project object */;
}
