// !$*UTF8*$!
{
	archiveVersion = 1;
	classes = {
	};
	objectVersion = 50;
	objects = {

/* Begin PBXBuildFile section */
		16111A2F2295065A00D91767 /* ActivitiesViewController.swift in Sources */ = {isa = PBXBuildFile; fileRef = 16111A2E2295065A00D91767 /* ActivitiesViewController.swift */; };
		164573A5229E25050085D46B /* DailyEntry.swift in Sources */ = {isa = PBXBuildFile; fileRef = 164573A4229E25050085D46B /* DailyEntry.swift */; };
		38704FB7229E209B00B22136 /* StatsViewController.swift in Sources */ = {isa = PBXBuildFile; fileRef = 38704FB6229E209B00B22136 /* StatsViewController.swift */; };
		6AD489D822A53C5F0066D9CC /* Settings.swift in Sources */ = {isa = PBXBuildFile; fileRef = 6AD489D722A53C5F0066D9CC /* Settings.swift */; };
		6AD489DA22A684040066D9CC /* ActivityCorrelatorController.swift in Sources */ = {isa = PBXBuildFile; fileRef = 6AD489D922A684040066D9CC /* ActivityCorrelatorController.swift */; };
		6AD531E022A3ACFB001BEB95 /* SettingsController.swift in Sources */ = {isa = PBXBuildFile; fileRef = 6AD531DF22A3ACFB001BEB95 /* SettingsController.swift */; };
		6B3D40A5229E29BA001ACFF7 /* Storage.swift in Sources */ = {isa = PBXBuildFile; fileRef = 6B3D40A4229E29BA001ACFF7 /* Storage.swift */; };
		6B8840AD2295713C00E2FCC6 /* Activity.swift in Sources */ = {isa = PBXBuildFile; fileRef = 6B8840AC2295713C00E2FCC6 /* Activity.swift */; };
		6C25B61E22A63CDB00F6FE25 /* DailyEntriesViewController.swift in Sources */ = {isa = PBXBuildFile; fileRef = 6C25B61D22A63CDB00F6FE25 /* DailyEntriesViewController.swift */; };
		6C5DCBA3229503BD00A43826 /* AppDelegate.swift in Sources */ = {isa = PBXBuildFile; fileRef = 6C5DCBA2229503BD00A43826 /* AppDelegate.swift */; };
		6C5DCBA5229503BD00A43826 /* ViewController.swift in Sources */ = {isa = PBXBuildFile; fileRef = 6C5DCBA4229503BD00A43826 /* ViewController.swift */; };
		6C5DCBA8229503BD00A43826 /* Main.storyboard in Resources */ = {isa = PBXBuildFile; fileRef = 6C5DCBA6229503BD00A43826 /* Main.storyboard */; };
		6C5DCBAA229503BD00A43826 /* Assets.xcassets in Resources */ = {isa = PBXBuildFile; fileRef = 6C5DCBA9229503BD00A43826 /* Assets.xcassets */; };
		6C5DCBAD229503BD00A43826 /* LaunchScreen.storyboard in Resources */ = {isa = PBXBuildFile; fileRef = 6C5DCBAB229503BD00A43826 /* LaunchScreen.storyboard */; };
/* End PBXBuildFile section */

/* Begin PBXFileReference section */
		16111A2E2295065A00D91767 /* ActivitiesViewController.swift */ = {isa = PBXFileReference; lastKnownFileType = sourcecode.swift; path = ActivitiesViewController.swift; sourceTree = "<group>"; };
		164573A4229E25050085D46B /* DailyEntry.swift */ = {isa = PBXFileReference; lastKnownFileType = sourcecode.swift; path = DailyEntry.swift; sourceTree = "<group>"; };
		38704FB6229E209B00B22136 /* StatsViewController.swift */ = {isa = PBXFileReference; lastKnownFileType = sourcecode.swift; path = StatsViewController.swift; sourceTree = "<group>"; };
		6AD489D722A53C5F0066D9CC /* Settings.swift */ = {isa = PBXFileReference; lastKnownFileType = sourcecode.swift; path = Settings.swift; sourceTree = "<group>"; };
		6AD489D922A684040066D9CC /* ActivityCorrelatorController.swift */ = {isa = PBXFileReference; lastKnownFileType = sourcecode.swift; path = ActivityCorrelatorController.swift; sourceTree = "<group>"; };
		6AD531DF22A3ACFB001BEB95 /* SettingsController.swift */ = {isa = PBXFileReference; lastKnownFileType = sourcecode.swift; path = SettingsController.swift; sourceTree = "<group>"; };
		6B3D40A4229E29BA001ACFF7 /* Storage.swift */ = {isa = PBXFileReference; lastKnownFileType = sourcecode.swift; path = Storage.swift; sourceTree = "<group>"; };
		6B8840AC2295713C00E2FCC6 /* Activity.swift */ = {isa = PBXFileReference; lastKnownFileType = sourcecode.swift; path = Activity.swift; sourceTree = "<group>"; };
		6C25B61D22A63CDB00F6FE25 /* DailyEntriesViewController.swift */ = {isa = PBXFileReference; lastKnownFileType = sourcecode.swift; path = DailyEntriesViewController.swift; sourceTree = "<group>"; };
		6C5DCB9F229503BD00A43826 /* Are-You-Happy?.app */ = {isa = PBXFileReference; explicitFileType = wrapper.application; includeInIndex = 0; path = "Are-You-Happy?.app"; sourceTree = BUILT_PRODUCTS_DIR; };
		6C5DCBA2229503BD00A43826 /* AppDelegate.swift */ = {isa = PBXFileReference; lastKnownFileType = sourcecode.swift; path = AppDelegate.swift; sourceTree = "<group>"; };
		6C5DCBA4229503BD00A43826 /* ViewController.swift */ = {isa = PBXFileReference; lastKnownFileType = sourcecode.swift; path = ViewController.swift; sourceTree = "<group>"; };
		6C5DCBA7229503BD00A43826 /* Base */ = {isa = PBXFileReference; lastKnownFileType = file.storyboard; name = Base; path = Base.lproj/Main.storyboard; sourceTree = "<group>"; };
		6C5DCBA9229503BD00A43826 /* Assets.xcassets */ = {isa = PBXFileReference; lastKnownFileType = folder.assetcatalog; path = Assets.xcassets; sourceTree = "<group>"; };
		6C5DCBAC229503BD00A43826 /* Base */ = {isa = PBXFileReference; lastKnownFileType = file.storyboard; name = Base; path = Base.lproj/LaunchScreen.storyboard; sourceTree = "<group>"; };
		6C5DCBAE229503BD00A43826 /* Info.plist */ = {isa = PBXFileReference; lastKnownFileType = text.plist.xml; path = Info.plist; sourceTree = "<group>"; };
/* End PBXFileReference section */

/* Begin PBXFrameworksBuildPhase section */
		6C5DCB9C229503BD00A43826 /* Frameworks */ = {
			isa = PBXFrameworksBuildPhase;
			buildActionMask = 2147483647;
			files = (
			);
			runOnlyForDeploymentPostprocessing = 0;
		};
/* End PBXFrameworksBuildPhase section */

/* Begin PBXGroup section */
		6B8840AA229570E500E2FCC6 /* Controller */ = {
			isa = PBXGroup;
			children = (
				16111A2E2295065A00D91767 /* ActivitiesViewController.swift */,
				6C5DCBA4229503BD00A43826 /* ViewController.swift */,
				38704FB6229E209B00B22136 /* StatsViewController.swift */,
				6AD531DF22A3ACFB001BEB95 /* SettingsController.swift */,
				6C25B61D22A63CDB00F6FE25 /* DailyEntriesViewController.swift */,
				6AD489D922A684040066D9CC /* ActivityCorrelatorController.swift */,
			);
			path = Controller;
			sourceTree = "<group>";
		};
		6B8840AB2295712100E2FCC6 /* Model */ = {
			isa = PBXGroup;
			children = (
				6B8840AC2295713C00E2FCC6 /* Activity.swift */,
				164573A4229E25050085D46B /* DailyEntry.swift */,
				6B3D40A4229E29BA001ACFF7 /* Storage.swift */,
				6AD489D722A53C5F0066D9CC /* Settings.swift */,
			);
			path = Model;
			sourceTree = "<group>";
		};
		6C5DCB96229503BD00A43826 = {
			isa = PBXGroup;
			children = (
				6C5DCBA1229503BD00A43826 /* Are-You-Happy? */,
				6C5DCBA0229503BD00A43826 /* Products */,
			);
			sourceTree = "<group>";
		};
		6C5DCBA0229503BD00A43826 /* Products */ = {
			isa = PBXGroup;
			children = (
				6C5DCB9F229503BD00A43826 /* Are-You-Happy?.app */,
			);
			name = Products;
			sourceTree = "<group>";
		};
		6C5DCBA1229503BD00A43826 /* Are-You-Happy? */ = {
			isa = PBXGroup;
			children = (
				6B8840AB2295712100E2FCC6 /* Model */,
				6B8840AA229570E500E2FCC6 /* Controller */,
				6C5DCBA2229503BD00A43826 /* AppDelegate.swift */,
				6C5DCBA6229503BD00A43826 /* Main.storyboard */,
				6C5DCBA9229503BD00A43826 /* Assets.xcassets */,
				6C5DCBAB229503BD00A43826 /* LaunchScreen.storyboard */,
				6C5DCBAE229503BD00A43826 /* Info.plist */,
			);
			path = "Are-You-Happy?";
			sourceTree = "<group>";
		};
/* End PBXGroup section */

/* Begin PBXNativeTarget section */
		6C5DCB9E229503BD00A43826 /* Are-You-Happy? */ = {
			isa = PBXNativeTarget;
			buildConfigurationList = 6C5DCBB1229503BD00A43826 /* Build configuration list for PBXNativeTarget "Are-You-Happy?" */;
			buildPhases = (
				6C5DCB9B229503BD00A43826 /* Sources */,
				6C5DCB9C229503BD00A43826 /* Frameworks */,
				6C5DCB9D229503BD00A43826 /* Resources */,
			);
			buildRules = (
			);
			dependencies = (
			);
			name = "Are-You-Happy?";
			productName = "Are-You-Happy?";
			productReference = 6C5DCB9F229503BD00A43826 /* Are-You-Happy?.app */;
			productType = "com.apple.product-type.application";
		};
/* End PBXNativeTarget section */

/* Begin PBXProject section */
		6C5DCB97229503BD00A43826 /* Project object */ = {
			isa = PBXProject;
			attributes = {
				LastSwiftUpdateCheck = 1010;
				LastUpgradeCheck = 1010;
				ORGANIZATIONNAME = "Group-182";
				TargetAttributes = {
					6C5DCB9E229503BD00A43826 = {
						CreatedOnToolsVersion = 10.1;
						LastSwiftMigration = 1010;
					};
				};
			};
			buildConfigurationList = 6C5DCB9A229503BD00A43826 /* Build configuration list for PBXProject "Are-You-Happy?" */;
			compatibilityVersion = "Xcode 9.3";
			developmentRegion = en;
			hasScannedForEncodings = 0;
			knownRegions = (
				en,
				Base,
			);
			mainGroup = 6C5DCB96229503BD00A43826;
			productRefGroup = 6C5DCBA0229503BD00A43826 /* Products */;
			projectDirPath = "";
			projectRoot = "";
			targets = (
				6C5DCB9E229503BD00A43826 /* Are-You-Happy? */,
			);
		};
/* End PBXProject section */

/* Begin PBXResourcesBuildPhase section */
		6C5DCB9D229503BD00A43826 /* Resources */ = {
			isa = PBXResourcesBuildPhase;
			buildActionMask = 2147483647;
			files = (
				6C5DCBAD229503BD00A43826 /* LaunchScreen.storyboard in Resources */,
				6C5DCBAA229503BD00A43826 /* Assets.xcassets in Resources */,
				6C5DCBA8229503BD00A43826 /* Main.storyboard in Resources */,
			);
			runOnlyForDeploymentPostprocessing = 0;
		};
/* End PBXResourcesBuildPhase section */

/* Begin PBXSourcesBuildPhase section */
		6C5DCB9B229503BD00A43826 /* Sources */ = {
			isa = PBXSourcesBuildPhase;
			buildActionMask = 2147483647;
			files = (
				6AD531E022A3ACFB001BEB95 /* SettingsController.swift in Sources */,
				6AD489DA22A684040066D9CC /* ActivityCorrelatorController.swift in Sources */,
				164573A5229E25050085D46B /* DailyEntry.swift in Sources */,
				6B3D40A5229E29BA001ACFF7 /* Storage.swift in Sources */,
				6C5DCBA5229503BD00A43826 /* ViewController.swift in Sources */,
				16111A2F2295065A00D91767 /* ActivitiesViewController.swift in Sources */,
				6B8840AD2295713C00E2FCC6 /* Activity.swift in Sources */,
				6AD489D822A53C5F0066D9CC /* Settings.swift in Sources */,
				38704FB7229E209B00B22136 /* StatsViewController.swift in Sources */,
				6C25B61E22A63CDB00F6FE25 /* DailyEntriesViewController.swift in Sources */,
				6C5DCBA3229503BD00A43826 /* AppDelegate.swift in Sources */,
			);
			runOnlyForDeploymentPostprocessing = 0;
		};
/* End PBXSourcesBuildPhase section */

/* Begin PBXVariantGroup section */
		6C5DCBA6229503BD00A43826 /* Main.storyboard */ = {
			isa = PBXVariantGroup;
			children = (
				6C5DCBA7229503BD00A43826 /* Base */,
			);
			name = Main.storyboard;
			sourceTree = "<group>";
		};
		6C5DCBAB229503BD00A43826 /* LaunchScreen.storyboard */ = {
			isa = PBXVariantGroup;
			children = (
				6C5DCBAC229503BD00A43826 /* Base */,
			);
			name = LaunchScreen.storyboard;
			sourceTree = "<group>";
		};
/* End PBXVariantGroup section */

/* Begin XCBuildConfiguration section */
		6C5DCBAF229503BD00A43826 /* Debug */ = {
			isa = XCBuildConfiguration;
			buildSettings = {
				ALWAYS_SEARCH_USER_PATHS = NO;
				CLANG_ANALYZER_NONNULL = YES;
				CLANG_ANALYZER_NUMBER_OBJECT_CONVERSION = YES_AGGRESSIVE;
				CLANG_CXX_LANGUAGE_STANDARD = "gnu++14";
				CLANG_CXX_LIBRARY = "libc++";
				CLANG_ENABLE_MODULES = YES;
				CLANG_ENABLE_OBJC_ARC = YES;
				CLANG_ENABLE_OBJC_WEAK = YES;
				CLANG_WARN_BLOCK_CAPTURE_AUTORELEASING = YES;
				CLANG_WARN_BOOL_CONVERSION = YES;
				CLANG_WARN_COMMA = YES;
				CLANG_WARN_CONSTANT_CONVERSION = YES;
				CLANG_WARN_DEPRECATED_OBJC_IMPLEMENTATIONS = YES;
				CLANG_WARN_DIRECT_OBJC_ISA_USAGE = YES_ERROR;
				CLANG_WARN_DOCUMENTATION_COMMENTS = YES;
				CLANG_WARN_EMPTY_BODY = YES;
				CLANG_WARN_ENUM_CONVERSION = YES;
				CLANG_WARN_INFINITE_RECURSION = YES;
				CLANG_WARN_INT_CONVERSION = YES;
				CLANG_WARN_NON_LITERAL_NULL_CONVERSION = YES;
				CLANG_WARN_OBJC_IMPLICIT_RETAIN_SELF = YES;
				CLANG_WARN_OBJC_LITERAL_CONVERSION = YES;
				CLANG_WARN_OBJC_ROOT_CLASS = YES_ERROR;
				CLANG_WARN_RANGE_LOOP_ANALYSIS = YES;
				CLANG_WARN_STRICT_PROTOTYPES = YES;
				CLANG_WARN_SUSPICIOUS_MOVE = YES;
				CLANG_WARN_UNGUARDED_AVAILABILITY = YES_AGGRESSIVE;
				CLANG_WARN_UNREACHABLE_CODE = YES;
				CLANG_WARN__DUPLICATE_METHOD_MATCH = YES;
				CODE_SIGN_IDENTITY = "iPhone Developer";
				COPY_PHASE_STRIP = NO;
				DEBUG_INFORMATION_FORMAT = dwarf;
				ENABLE_STRICT_OBJC_MSGSEND = YES;
				ENABLE_TESTABILITY = YES;
				GCC_C_LANGUAGE_STANDARD = gnu11;
				GCC_DYNAMIC_NO_PIC = NO;
				GCC_NO_COMMON_BLOCKS = YES;
				GCC_OPTIMIZATION_LEVEL = 0;
				GCC_PREPROCESSOR_DEFINITIONS = (
					"DEBUG=1",
					"$(inherited)",
				);
				GCC_WARN_64_TO_32_BIT_CONVERSION = YES;
				GCC_WARN_ABOUT_RETURN_TYPE = YES_ERROR;
				GCC_WARN_UNDECLARED_SELECTOR = YES;
				GCC_WARN_UNINITIALIZED_AUTOS = YES_AGGRESSIVE;
				GCC_WARN_UNUSED_FUNCTION = YES;
				GCC_WARN_UNUSED_VARIABLE = YES;
				IPHONEOS_DEPLOYMENT_TARGET = 12.1;
				MTL_ENABLE_DEBUG_INFO = INCLUDE_SOURCE;
				MTL_FAST_MATH = YES;
				ONLY_ACTIVE_ARCH = YES;
				SDKROOT = iphoneos;
				SWIFT_ACTIVE_COMPILATION_CONDITIONS = DEBUG;
				SWIFT_OPTIMIZATION_LEVEL = "-Onone";
			};
			name = Debug;
		};
		6C5DCBB0229503BD00A43826 /* Release */ = {
			isa = XCBuildConfiguration;
			buildSettings = {
				ALWAYS_SEARCH_USER_PATHS = NO;
				CLANG_ANALYZER_NONNULL = YES;
				CLANG_ANALYZER_NUMBER_OBJECT_CONVERSION = YES_AGGRESSIVE;
				CLANG_CXX_LANGUAGE_STANDARD = "gnu++14";
				CLANG_CXX_LIBRARY = "libc++";
				CLANG_ENABLE_MODULES = YES;
				CLANG_ENABLE_OBJC_ARC = YES;
				CLANG_ENABLE_OBJC_WEAK = YES;
				CLANG_WARN_BLOCK_CAPTURE_AUTORELEASING = YES;
				CLANG_WARN_BOOL_CONVERSION = YES;
				CLANG_WARN_COMMA = YES;
				CLANG_WARN_CONSTANT_CONVERSION = YES;
				CLANG_WARN_DEPRECATED_OBJC_IMPLEMENTATIONS = YES;
				CLANG_WARN_DIRECT_OBJC_ISA_USAGE = YES_ERROR;
				CLANG_WARN_DOCUMENTATION_COMMENTS = YES;
				CLANG_WARN_EMPTY_BODY = YES;
				CLANG_WARN_ENUM_CONVERSION = YES;
				CLANG_WARN_INFINITE_RECURSION = YES;
				CLANG_WARN_INT_CONVERSION = YES;
				CLANG_WARN_NON_LITERAL_NULL_CONVERSION = YES;
				CLANG_WARN_OBJC_IMPLICIT_RETAIN_SELF = YES;
				CLANG_WARN_OBJC_LITERAL_CONVERSION = YES;
				CLANG_WARN_OBJC_ROOT_CLASS = YES_ERROR;
				CLANG_WARN_RANGE_LOOP_ANALYSIS = YES;
				CLANG_WARN_STRICT_PROTOTYPES = YES;
				CLANG_WARN_SUSPICIOUS_MOVE = YES;
				CLANG_WARN_UNGUARDED_AVAILABILITY = YES_AGGRESSIVE;
				CLANG_WARN_UNREACHABLE_CODE = YES;
				CLANG_WARN__DUPLICATE_METHOD_MATCH = YES;
				CODE_SIGN_IDENTITY = "iPhone Developer";
				COPY_PHASE_STRIP = NO;
				DEBUG_INFORMATION_FORMAT = "dwarf-with-dsym";
				ENABLE_NS_ASSERTIONS = NO;
				ENABLE_STRICT_OBJC_MSGSEND = YES;
				GCC_C_LANGUAGE_STANDARD = gnu11;
				GCC_NO_COMMON_BLOCKS = YES;
				GCC_WARN_64_TO_32_BIT_CONVERSION = YES;
				GCC_WARN_ABOUT_RETURN_TYPE = YES_ERROR;
				GCC_WARN_UNDECLARED_SELECTOR = YES;
				GCC_WARN_UNINITIALIZED_AUTOS = YES_AGGRESSIVE;
				GCC_WARN_UNUSED_FUNCTION = YES;
				GCC_WARN_UNUSED_VARIABLE = YES;
				IPHONEOS_DEPLOYMENT_TARGET = 12.1;
				MTL_ENABLE_DEBUG_INFO = NO;
				MTL_FAST_MATH = YES;
				SDKROOT = iphoneos;
				SWIFT_COMPILATION_MODE = wholemodule;
				SWIFT_OPTIMIZATION_LEVEL = "-O";
				VALIDATE_PRODUCT = YES;
			};
			name = Release;
		};
		6C5DCBB2229503BD00A43826 /* Debug */ = {
			isa = XCBuildConfiguration;
			buildSettings = {
				ASSETCATALOG_COMPILER_APPICON_NAME = AppIcon;
				CLANG_ENABLE_MODULES = YES;
				CODE_SIGN_STYLE = Automatic;
				INFOPLIST_FILE = "Are-You-Happy?/Info.plist";
				LD_RUNPATH_SEARCH_PATHS = (
					"$(inherited)",
					"@executable_path/Frameworks",
				);
				PRODUCT_BUNDLE_IDENTIFIER = "uts.group182.Are-You-Happy-";
				PRODUCT_NAME = "$(TARGET_NAME)";
				SWIFT_OPTIMIZATION_LEVEL = "-Onone";
				SWIFT_VERSION = 4.2;
				TARGETED_DEVICE_FAMILY = "1,2";
			};
			name = Debug;
		};
		6C5DCBB3229503BD00A43826 /* Release */ = {
			isa = XCBuildConfiguration;
			buildSettings = {
				ASSETCATALOG_COMPILER_APPICON_NAME = AppIcon;
				CLANG_ENABLE_MODULES = YES;
				CODE_SIGN_STYLE = Automatic;
				INFOPLIST_FILE = "Are-You-Happy?/Info.plist";
				LD_RUNPATH_SEARCH_PATHS = (
					"$(inherited)",
					"@executable_path/Frameworks",
				);
				PRODUCT_BUNDLE_IDENTIFIER = "uts.group182.Are-You-Happy-";
				PRODUCT_NAME = "$(TARGET_NAME)";
				SWIFT_VERSION = 4.2;
				TARGETED_DEVICE_FAMILY = "1,2";
			};
			name = Release;
		};
/* End XCBuildConfiguration section */

/* Begin XCConfigurationList section */
		6C5DCB9A229503BD00A43826 /* Build configuration list for PBXProject "Are-You-Happy?" */ = {
			isa = XCConfigurationList;
			buildConfigurations = (
				6C5DCBAF229503BD00A43826 /* Debug */,
				6C5DCBB0229503BD00A43826 /* Release */,
			);
			defaultConfigurationIsVisible = 0;
			defaultConfigurationName = Release;
		};
		6C5DCBB1229503BD00A43826 /* Build configuration list for PBXNativeTarget "Are-You-Happy?" */ = {
			isa = XCConfigurationList;
			buildConfigurations = (
				6C5DCBB2229503BD00A43826 /* Debug */,
				6C5DCBB3229503BD00A43826 /* Release */,
			);
			defaultConfigurationIsVisible = 0;
			defaultConfigurationName = Release;
		};
/* End XCConfigurationList section */
	};
	rootObject = 6C5DCB97229503BD00A43826 /* Project object */;
}
